<?xml version="1.0" encoding="UTF-8"?>
<!DOCTYPE plist PUBLIC "-//Apple//DTD PLIST 1.0//EN" "http://www.apple.com/DTDs/PropertyList-1.0.dtd">
<plist version="1.0">
<dict>
	<key>archiveVersion</key>
	<string>1</string>
	<key>classes</key>
	<dict/>
	<key>objectVersion</key>
	<string>46</string>
	<key>objects</key>
	<dict>
		<key>45E580AE28FA4DB6A717BBF3</key>
		<dict>
			<key>includeInIndex</key>
			<string>1</string>
			<key>isa</key>
			<string>PBXFileReference</string>
			<key>lastKnownFileType</key>
			<string>text.xcconfig</string>
			<key>name</key>
			<string>Pods.xcconfig</string>
			<key>path</key>
			<string>Pods/Pods.xcconfig</string>
			<key>sourceTree</key>
			<string>SOURCE_ROOT</string>
		</dict>
		<key>61A3ABCE169038A5005D3311</key>
		<dict>
			<key>children</key>
			<array>
				<string>61A3ABE3169038A5005D3311</string>
				<string>61A3AC0A169038A6005D3311</string>
				<string>61A3ABDC169038A5005D3311</string>
				<string>61A3ABDA169038A5005D3311</string>
				<string>45E580AE28FA4DB6A717BBF3</string>
			</array>
			<key>isa</key>
			<string>PBXGroup</string>
			<key>sourceTree</key>
			<string>&lt;group&gt;</string>
		</dict>
		<key>61A3ABD0169038A5005D3311</key>
		<dict>
			<key>attributes</key>
			<dict>
				<key>CLASSPREFIX</key>
				<string>iGkh</string>
				<key>LastUpgradeCheck</key>
				<string>0450</string>
				<key>ORGANIZATIONNAME</key>
				<string>Prosoftlab</string>
			</dict>
			<key>buildConfigurationList</key>
			<string>61A3ABD3169038A5005D3311</string>
			<key>compatibilityVersion</key>
			<string>Xcode 3.2</string>
			<key>developmentRegion</key>
			<string>English</string>
			<key>hasScannedForEncodings</key>
			<string>0</string>
			<key>isa</key>
			<string>PBXProject</string>
			<key>knownRegions</key>
			<array>
				<string>en</string>
			</array>
			<key>mainGroup</key>
			<string>61A3ABCE169038A5005D3311</string>
			<key>productRefGroup</key>
			<string>61A3ABDA169038A5005D3311</string>
			<key>projectDirPath</key>
			<string></string>
			<key>projectReferences</key>
			<array/>
			<key>projectRoot</key>
			<string></string>
			<key>targets</key>
			<array>
				<string>61A3ABD8169038A5005D3311</string>
				<string>61A3AC02169038A5005D3311</string>
			</array>
		</dict>
		<key>61A3ABD3169038A5005D3311</key>
		<dict>
			<key>buildConfigurations</key>
			<array>
				<string>61A3AC13169038A6005D3311</string>
				<string>61A3AC14169038A6005D3311</string>
			</array>
			<key>defaultConfigurationIsVisible</key>
			<string>0</string>
			<key>defaultConfigurationName</key>
			<string>Release</string>
			<key>isa</key>
			<string>XCConfigurationList</string>
		</dict>
		<key>61A3ABD5169038A5005D3311</key>
		<dict>
			<key>buildActionMask</key>
			<string>2147483647</string>
			<key>files</key>
			<array>
				<string>61A3ABEA169038A5005D3311</string>
				<string>61A3ABEE169038A5005D3311</string>
				<string>61A3ABFD169038A5005D3311</string>
			</array>
			<key>isa</key>
			<string>PBXSourcesBuildPhase</string>
			<key>runOnlyForDeploymentPostprocessing</key>
			<string>0</string>
		</dict>
		<key>61A3ABD6169038A5005D3311</key>
		<dict>
			<key>buildActionMask</key>
			<string>2147483647</string>
			<key>files</key>
			<array>
				<string>61A3ABDE169038A5005D3311</string>
				<string>61A3ABE0169038A5005D3311</string>
				<string>61A3ABE2169038A5005D3311</string>
				<string>D83773B297B749B6AFE8FF1C</string>
			</array>
			<key>isa</key>
			<string>PBXFrameworksBuildPhase</string>
			<key>runOnlyForDeploymentPostprocessing</key>
			<string>0</string>
		</dict>
		<key>61A3ABD7169038A5005D3311</key>
		<dict>
			<key>buildActionMask</key>
			<string>2147483647</string>
			<key>files</key>
			<array>
				<string>61A3ABE8169038A5005D3311</string>
				<string>61A3ABF0169038A5005D3311</string>
				<string>61A3ABF2169038A5005D3311</string>
				<string>61A3ABF4169038A5005D3311</string>
				<string>61A3ABF7169038A5005D3311</string>
				<string>61A3ABFA169038A5005D3311</string>
			</array>
			<key>isa</key>
			<string>PBXResourcesBuildPhase</string>
			<key>runOnlyForDeploymentPostprocessing</key>
			<string>0</string>
		</dict>
		<key>61A3ABD8169038A5005D3311</key>
		<dict>
			<key>buildConfigurationList</key>
			<string>61A3AC15169038A6005D3311</string>
			<key>buildPhases</key>
			<array>
				<string>61A3ABD5169038A5005D3311</string>
				<string>61A3ABD6169038A5005D3311</string>
				<string>61A3ABD7169038A5005D3311</string>
				<string>BE864F8D10754A6D99282656</string>
			</array>
			<key>buildRules</key>
			<array/>
			<key>dependencies</key>
			<array/>
			<key>isa</key>
			<string>PBXNativeTarget</string>
			<key>name</key>
			<string>iosGkh</string>
			<key>productName</key>
			<string>iosGkh</string>
			<key>productReference</key>
			<string>61A3ABD9169038A5005D3311</string>
			<key>productType</key>
			<string>com.apple.product-type.application</string>
		</dict>
		<key>61A3ABD9169038A5005D3311</key>
		<dict>
			<key>explicitFileType</key>
			<string>wrapper.application</string>
			<key>includeInIndex</key>
			<string>0</string>
			<key>isa</key>
			<string>PBXFileReference</string>
			<key>path</key>
			<string>iosGkh.app</string>
			<key>sourceTree</key>
			<string>BUILT_PRODUCTS_DIR</string>
		</dict>
		<key>61A3ABDA169038A5005D3311</key>
		<dict>
			<key>children</key>
			<array>
				<string>61A3ABD9169038A5005D3311</string>
				<string>61A3AC03169038A5005D3311</string>
			</array>
			<key>isa</key>
			<string>PBXGroup</string>
			<key>name</key>
			<string>Products</string>
			<key>sourceTree</key>
			<string>&lt;group&gt;</string>
		</dict>
		<key>61A3ABDC169038A5005D3311</key>
		<dict>
			<key>children</key>
			<array>
				<string>61A3ABDD169038A5005D3311</string>
				<string>61A3ABDF169038A5005D3311</string>
				<string>61A3ABE1169038A5005D3311</string>
				<string>61A3AC04169038A5005D3311</string>
				<string>7716AF1534D04DE2AFEC9746</string>
			</array>
			<key>isa</key>
			<string>PBXGroup</string>
			<key>name</key>
			<string>Frameworks</string>
			<key>sourceTree</key>
			<string>&lt;group&gt;</string>
		</dict>
		<key>61A3ABDD169038A5005D3311</key>
		<dict>
			<key>isa</key>
			<string>PBXFileReference</string>
			<key>lastKnownFileType</key>
			<string>wrapper.framework</string>
			<key>name</key>
			<string>UIKit.framework</string>
			<key>path</key>
			<string>System/Library/Frameworks/UIKit.framework</string>
			<key>sourceTree</key>
			<string>SDKROOT</string>
		</dict>
		<key>61A3ABDE169038A5005D3311</key>
		<dict>
			<key>fileRef</key>
			<string>61A3ABDD169038A5005D3311</string>
			<key>isa</key>
			<string>PBXBuildFile</string>
		</dict>
		<key>61A3ABDF169038A5005D3311</key>
		<dict>
			<key>isa</key>
			<string>PBXFileReference</string>
			<key>lastKnownFileType</key>
			<string>wrapper.framework</string>
			<key>name</key>
			<string>Foundation.framework</string>
			<key>path</key>
			<string>System/Library/Frameworks/Foundation.framework</string>
			<key>sourceTree</key>
			<string>SDKROOT</string>
		</dict>
		<key>61A3ABE0169038A5005D3311</key>
		<dict>
			<key>fileRef</key>
			<string>61A3ABDF169038A5005D3311</string>
			<key>isa</key>
			<string>PBXBuildFile</string>
		</dict>
		<key>61A3ABE1169038A5005D3311</key>
		<dict>
			<key>isa</key>
			<string>PBXFileReference</string>
			<key>lastKnownFileType</key>
			<string>wrapper.framework</string>
			<key>name</key>
			<string>CoreGraphics.framework</string>
			<key>path</key>
			<string>System/Library/Frameworks/CoreGraphics.framework</string>
			<key>sourceTree</key>
			<string>SDKROOT</string>
		</dict>
		<key>61A3ABE2169038A5005D3311</key>
		<dict>
			<key>fileRef</key>
			<string>61A3ABE1169038A5005D3311</string>
			<key>isa</key>
			<string>PBXBuildFile</string>
		</dict>
		<key>61A3ABE3169038A5005D3311</key>
		<dict>
			<key>children</key>
			<array>
				<string>61A3ABEC169038A5005D3311</string>
				<string>61A3ABED169038A5005D3311</string>
				<string>61A3ABF5169038A5005D3311</string>
				<string>61A3ABF8169038A5005D3311</string>
				<string>61A3ABFB169038A5005D3311</string>
				<string>61A3ABFC169038A5005D3311</string>
				<string>61A3ABE4169038A5005D3311</string>
			</array>
			<key>isa</key>
			<string>PBXGroup</string>
			<key>path</key>
			<string>iosGkh</string>
			<key>sourceTree</key>
			<string>&lt;group&gt;</string>
		</dict>
		<key>61A3ABE4169038A5005D3311</key>
		<dict>
			<key>children</key>
			<array>
				<string>61A3ABE5169038A5005D3311</string>
				<string>61A3ABE6169038A5005D3311</string>
				<string>61A3ABE9169038A5005D3311</string>
				<string>61A3ABEB169038A5005D3311</string>
				<string>61A3ABEF169038A5005D3311</string>
				<string>61A3ABF1169038A5005D3311</string>
				<string>61A3ABF3169038A5005D3311</string>
			</array>
			<key>isa</key>
			<string>PBXGroup</string>
			<key>name</key>
			<string>Supporting Files</string>
			<key>sourceTree</key>
			<string>&lt;group&gt;</string>
		</dict>
		<key>61A3ABE5169038A5005D3311</key>
		<dict>
			<key>isa</key>
			<string>PBXFileReference</string>
			<key>lastKnownFileType</key>
			<string>text.plist.xml</string>
			<key>path</key>
			<string>iosGkh-Info.plist</string>
			<key>sourceTree</key>
			<string>&lt;group&gt;</string>
		</dict>
		<key>61A3ABE6169038A5005D3311</key>
		<dict>
			<key>children</key>
			<array>
				<string>61A3ABE7169038A5005D3311</string>
			</array>
			<key>isa</key>
			<string>PBXVariantGroup</string>
			<key>name</key>
			<string>InfoPlist.strings</string>
			<key>sourceTree</key>
			<string>&lt;group&gt;</string>
		</dict>
		<key>61A3ABE7169038A5005D3311</key>
		<dict>
			<key>isa</key>
			<string>PBXFileReference</string>
			<key>lastKnownFileType</key>
			<string>text.plist.strings</string>
			<key>name</key>
			<string>en</string>
			<key>path</key>
			<string>en.lproj/InfoPlist.strings</string>
			<key>sourceTree</key>
			<string>&lt;group&gt;</string>
		</dict>
		<key>61A3ABE8169038A5005D3311</key>
		<dict>
			<key>fileRef</key>
			<string>61A3ABE6169038A5005D3311</string>
			<key>isa</key>
			<string>PBXBuildFile</string>
		</dict>
		<key>61A3ABE9169038A5005D3311</key>
		<dict>
			<key>isa</key>
			<string>PBXFileReference</string>
			<key>lastKnownFileType</key>
			<string>sourcecode.c.objc</string>
			<key>path</key>
			<string>main.m</string>
			<key>sourceTree</key>
			<string>&lt;group&gt;</string>
		</dict>
		<key>61A3ABEA169038A5005D3311</key>
		<dict>
			<key>fileRef</key>
			<string>61A3ABE9169038A5005D3311</string>
			<key>isa</key>
			<string>PBXBuildFile</string>
		</dict>
		<key>61A3ABEB169038A5005D3311</key>
		<dict>
			<key>isa</key>
			<string>PBXFileReference</string>
			<key>lastKnownFileType</key>
			<string>sourcecode.c.h</string>
			<key>path</key>
			<string>iosGkh-Prefix.pch</string>
			<key>sourceTree</key>
			<string>&lt;group&gt;</string>
		</dict>
		<key>61A3ABEC169038A5005D3311</key>
		<dict>
			<key>isa</key>
			<string>PBXFileReference</string>
			<key>lastKnownFileType</key>
			<string>sourcecode.c.h</string>
			<key>path</key>
			<string>iGkhAppDelegate.h</string>
			<key>sourceTree</key>
			<string>&lt;group&gt;</string>
		</dict>
		<key>61A3ABED169038A5005D3311</key>
		<dict>
			<key>isa</key>
			<string>PBXFileReference</string>
			<key>lastKnownFileType</key>
			<string>sourcecode.c.objc</string>
			<key>path</key>
			<string>iGkhAppDelegate.m</string>
			<key>sourceTree</key>
			<string>&lt;group&gt;</string>
		</dict>
		<key>61A3ABEE169038A5005D3311</key>
		<dict>
			<key>fileRef</key>
			<string>61A3ABED169038A5005D3311</string>
			<key>isa</key>
			<string>PBXBuildFile</string>
		</dict>
		<key>61A3ABEF169038A5005D3311</key>
		<dict>
			<key>isa</key>
			<string>PBXFileReference</string>
			<key>lastKnownFileType</key>
			<string>image.png</string>
			<key>path</key>
			<string>Default.png</string>
			<key>sourceTree</key>
			<string>&lt;group&gt;</string>
		</dict>
		<key>61A3ABF0169038A5005D3311</key>
		<dict>
			<key>fileRef</key>
			<string>61A3ABEF169038A5005D3311</string>
			<key>isa</key>
			<string>PBXBuildFile</string>
		</dict>
		<key>61A3ABF1169038A5005D3311</key>
		<dict>
			<key>isa</key>
			<string>PBXFileReference</string>
			<key>lastKnownFileType</key>
			<string>image.png</string>
			<key>path</key>
			<string>Default@2x.png</string>
			<key>sourceTree</key>
			<string>&lt;group&gt;</string>
		</dict>
		<key>61A3ABF2169038A5005D3311</key>
		<dict>
			<key>fileRef</key>
			<string>61A3ABF1169038A5005D3311</string>
			<key>isa</key>
			<string>PBXBuildFile</string>
		</dict>
		<key>61A3ABF3169038A5005D3311</key>
		<dict>
			<key>isa</key>
			<string>PBXFileReference</string>
			<key>lastKnownFileType</key>
			<string>image.png</string>
			<key>path</key>
			<string>Default-568h@2x.png</string>
			<key>sourceTree</key>
			<string>&lt;group&gt;</string>
		</dict>
		<key>61A3ABF4169038A5005D3311</key>
		<dict>
			<key>fileRef</key>
			<string>61A3ABF3169038A5005D3311</string>
			<key>isa</key>
			<string>PBXBuildFile</string>
		</dict>
		<key>61A3ABF5169038A5005D3311</key>
		<dict>
			<key>children</key>
			<array>
				<string>61A3ABF6169038A5005D3311</string>
			</array>
			<key>isa</key>
			<string>PBXVariantGroup</string>
			<key>name</key>
			<string>MainStoryboard_iPhone.storyboard</string>
			<key>sourceTree</key>
			<string>&lt;group&gt;</string>
		</dict>
		<key>61A3ABF6169038A5005D3311</key>
		<dict>
			<key>isa</key>
			<string>PBXFileReference</string>
			<key>lastKnownFileType</key>
			<string>file.storyboard</string>
			<key>name</key>
			<string>en</string>
			<key>path</key>
			<string>en.lproj/MainStoryboard_iPhone.storyboard</string>
			<key>sourceTree</key>
			<string>&lt;group&gt;</string>
		</dict>
		<key>61A3ABF7169038A5005D3311</key>
		<dict>
			<key>fileRef</key>
			<string>61A3ABF5169038A5005D3311</string>
			<key>isa</key>
			<string>PBXBuildFile</string>
		</dict>
		<key>61A3ABF8169038A5005D3311</key>
		<dict>
			<key>children</key>
			<array>
				<string>61A3ABF9169038A5005D3311</string>
			</array>
			<key>isa</key>
			<string>PBXVariantGroup</string>
			<key>name</key>
			<string>MainStoryboard_iPad.storyboard</string>
			<key>sourceTree</key>
			<string>&lt;group&gt;</string>
		</dict>
		<key>61A3ABF9169038A5005D3311</key>
		<dict>
			<key>isa</key>
			<string>PBXFileReference</string>
			<key>lastKnownFileType</key>
			<string>file.storyboard</string>
			<key>name</key>
			<string>en</string>
			<key>path</key>
			<string>en.lproj/MainStoryboard_iPad.storyboard</string>
			<key>sourceTree</key>
			<string>&lt;group&gt;</string>
		</dict>
		<key>61A3ABFA169038A5005D3311</key>
		<dict>
			<key>fileRef</key>
			<string>61A3ABF8169038A5005D3311</string>
			<key>isa</key>
			<string>PBXBuildFile</string>
		</dict>
		<key>61A3ABFB169038A5005D3311</key>
		<dict>
			<key>isa</key>
			<string>PBXFileReference</string>
			<key>lastKnownFileType</key>
			<string>sourcecode.c.h</string>
			<key>path</key>
			<string>iGkhViewController.h</string>
			<key>sourceTree</key>
			<string>&lt;group&gt;</string>
		</dict>
		<key>61A3ABFC169038A5005D3311</key>
		<dict>
			<key>isa</key>
			<string>PBXFileReference</string>
			<key>lastKnownFileType</key>
			<string>sourcecode.c.objc</string>
			<key>path</key>
			<string>iGkhViewController.m</string>
			<key>sourceTree</key>
			<string>&lt;group&gt;</string>
		</dict>
		<key>61A3ABFD169038A5005D3311</key>
		<dict>
			<key>fileRef</key>
			<string>61A3ABFC169038A5005D3311</string>
			<key>isa</key>
			<string>PBXBuildFile</string>
		</dict>
		<key>61A3ABFE169038A5005D3311</key>
		<dict>
			<key>buildActionMask</key>
			<string>2147483647</string>
			<key>files</key>
			<array>
				<string>61A3AC12169038A6005D3311</string>
			</array>
			<key>isa</key>
			<string>PBXSourcesBuildPhase</string>
			<key>runOnlyForDeploymentPostprocessing</key>
			<string>0</string>
		</dict>
		<key>61A3ABFF169038A5005D3311</key>
		<dict>
			<key>buildActionMask</key>
			<string>2147483647</string>
			<key>files</key>
			<array>
				<string>61A3AC05169038A6005D3311</string>
				<string>61A3AC06169038A6005D3311</string>
				<string>61A3AC07169038A6005D3311</string>
			</array>
			<key>isa</key>
			<string>PBXFrameworksBuildPhase</string>
			<key>runOnlyForDeploymentPostprocessing</key>
			<string>0</string>
		</dict>
		<key>61A3AC00169038A5005D3311</key>
		<dict>
			<key>buildActionMask</key>
			<string>2147483647</string>
			<key>files</key>
			<array>
				<string>61A3AC0F169038A6005D3311</string>
			</array>
			<key>isa</key>
			<string>PBXResourcesBuildPhase</string>
			<key>runOnlyForDeploymentPostprocessing</key>
			<string>0</string>
		</dict>
		<key>61A3AC01169038A5005D3311</key>
		<dict>
			<key>buildActionMask</key>
			<string>2147483647</string>
			<key>files</key>
			<array/>
			<key>inputPaths</key>
			<array/>
			<key>isa</key>
			<string>PBXShellScriptBuildPhase</string>
			<key>outputPaths</key>
			<array/>
			<key>runOnlyForDeploymentPostprocessing</key>
			<string>0</string>
			<key>shellPath</key>
			<string>/bin/sh</string>
			<key>shellScript</key>
			<string># Run the unit tests in this test bundle.
"${SYSTEM_DEVELOPER_DIR}/Tools/RunUnitTests"
</string>
		</dict>
		<key>61A3AC02169038A5005D3311</key>
		<dict>
			<key>buildConfigurationList</key>
			<string>61A3AC18169038A6005D3311</string>
			<key>buildPhases</key>
			<array>
				<string>61A3ABFE169038A5005D3311</string>
				<string>61A3ABFF169038A5005D3311</string>
				<string>61A3AC00169038A5005D3311</string>
				<string>61A3AC01169038A5005D3311</string>
			</array>
			<key>buildRules</key>
			<array/>
			<key>dependencies</key>
			<array>
				<string>61A3AC09169038A6005D3311</string>
			</array>
			<key>isa</key>
			<string>PBXNativeTarget</string>
			<key>name</key>
			<string>iosGkhTests</string>
			<key>productName</key>
			<string>iosGkhTests</string>
			<key>productReference</key>
			<string>61A3AC03169038A5005D3311</string>
			<key>productType</key>
			<string>com.apple.product-type.bundle</string>
		</dict>
		<key>61A3AC03169038A5005D3311</key>
		<dict>
			<key>explicitFileType</key>
			<string>wrapper.cfbundle</string>
			<key>includeInIndex</key>
			<string>0</string>
			<key>isa</key>
			<string>PBXFileReference</string>
			<key>path</key>
			<string>iosGkhTests.octest</string>
			<key>sourceTree</key>
			<string>BUILT_PRODUCTS_DIR</string>
		</dict>
		<key>61A3AC04169038A5005D3311</key>
		<dict>
			<key>isa</key>
			<string>PBXFileReference</string>
			<key>lastKnownFileType</key>
			<string>wrapper.framework</string>
			<key>name</key>
			<string>SenTestingKit.framework</string>
			<key>path</key>
			<string>Library/Frameworks/SenTestingKit.framework</string>
			<key>sourceTree</key>
			<string>DEVELOPER_DIR</string>
		</dict>
		<key>61A3AC05169038A6005D3311</key>
		<dict>
			<key>fileRef</key>
			<string>61A3AC04169038A5005D3311</string>
			<key>isa</key>
			<string>PBXBuildFile</string>
		</dict>
		<key>61A3AC06169038A6005D3311</key>
		<dict>
			<key>fileRef</key>
			<string>61A3ABDD169038A5005D3311</string>
			<key>isa</key>
			<string>PBXBuildFile</string>
		</dict>
		<key>61A3AC07169038A6005D3311</key>
		<dict>
			<key>fileRef</key>
			<string>61A3ABDF169038A5005D3311</string>
			<key>isa</key>
			<string>PBXBuildFile</string>
		</dict>
		<key>61A3AC08169038A6005D3311</key>
		<dict>
			<key>containerPortal</key>
			<string>61A3ABD0169038A5005D3311</string>
			<key>isa</key>
			<string>PBXContainerItemProxy</string>
			<key>proxyType</key>
			<string>1</string>
			<key>remoteGlobalIDString</key>
			<string>61A3ABD8169038A5005D3311</string>
			<key>remoteInfo</key>
			<string>iosGkh</string>
		</dict>
		<key>61A3AC09169038A6005D3311</key>
		<dict>
			<key>isa</key>
			<string>PBXTargetDependency</string>
			<key>target</key>
			<string>61A3ABD8169038A5005D3311</string>
			<key>targetProxy</key>
			<string>61A3AC08169038A6005D3311</string>
		</dict>
		<key>61A3AC0A169038A6005D3311</key>
		<dict>
			<key>children</key>
			<array>
				<string>61A3AC10169038A6005D3311</string>
				<string>61A3AC11169038A6005D3311</string>
				<string>61A3AC0B169038A6005D3311</string>
			</array>
			<key>isa</key>
			<string>PBXGroup</string>
			<key>path</key>
			<string>iosGkhTests</string>
			<key>sourceTree</key>
			<string>&lt;group&gt;</string>
		</dict>
		<key>61A3AC0B169038A6005D3311</key>
		<dict>
			<key>children</key>
			<array>
				<string>61A3AC0C169038A6005D3311</string>
				<string>61A3AC0D169038A6005D3311</string>
			</array>
			<key>isa</key>
			<string>PBXGroup</string>
			<key>name</key>
			<string>Supporting Files</string>
			<key>sourceTree</key>
			<string>&lt;group&gt;</string>
		</dict>
		<key>61A3AC0C169038A6005D3311</key>
		<dict>
			<key>isa</key>
			<string>PBXFileReference</string>
			<key>lastKnownFileType</key>
			<string>text.plist.xml</string>
			<key>path</key>
			<string>iosGkhTests-Info.plist</string>
			<key>sourceTree</key>
			<string>&lt;group&gt;</string>
		</dict>
		<key>61A3AC0D169038A6005D3311</key>
		<dict>
			<key>children</key>
			<array>
				<string>61A3AC0E169038A6005D3311</string>
			</array>
			<key>isa</key>
			<string>PBXVariantGroup</string>
			<key>name</key>
			<string>InfoPlist.strings</string>
			<key>sourceTree</key>
			<string>&lt;group&gt;</string>
		</dict>
		<key>61A3AC0E169038A6005D3311</key>
		<dict>
			<key>isa</key>
			<string>PBXFileReference</string>
			<key>lastKnownFileType</key>
			<string>text.plist.strings</string>
			<key>name</key>
			<string>en</string>
			<key>path</key>
			<string>en.lproj/InfoPlist.strings</string>
			<key>sourceTree</key>
			<string>&lt;group&gt;</string>
		</dict>
		<key>61A3AC0F169038A6005D3311</key>
		<dict>
			<key>fileRef</key>
			<string>61A3AC0D169038A6005D3311</string>
			<key>isa</key>
			<string>PBXBuildFile</string>
		</dict>
		<key>61A3AC10169038A6005D3311</key>
		<dict>
			<key>isa</key>
			<string>PBXFileReference</string>
			<key>lastKnownFileType</key>
			<string>sourcecode.c.h</string>
			<key>path</key>
			<string>iosGkhTests.h</string>
			<key>sourceTree</key>
			<string>&lt;group&gt;</string>
		</dict>
		<key>61A3AC11169038A6005D3311</key>
		<dict>
			<key>isa</key>
			<string>PBXFileReference</string>
			<key>lastKnownFileType</key>
			<string>sourcecode.c.objc</string>
			<key>path</key>
			<string>iosGkhTests.m</string>
			<key>sourceTree</key>
			<string>&lt;group&gt;</string>
		</dict>
		<key>61A3AC12169038A6005D3311</key>
		<dict>
			<key>fileRef</key>
			<string>61A3AC11169038A6005D3311</string>
			<key>isa</key>
			<string>PBXBuildFile</string>
		</dict>
		<key>61A3AC13169038A6005D3311</key>
		<dict>
			<key>buildSettings</key>
			<dict>
				<key>ALWAYS_SEARCH_USER_PATHS</key>
				<string>NO</string>
				<key>CLANG_CXX_LANGUAGE_STANDARD</key>
				<string>gnu++0x</string>
				<key>CLANG_CXX_LIBRARY</key>
				<string>libc++</string>
				<key>CLANG_ENABLE_OBJC_ARC</key>
				<string>YES</string>
				<key>CLANG_WARN_EMPTY_BODY</key>
				<string>YES</string>
				<key>CLANG_WARN__DUPLICATE_METHOD_MATCH</key>
				<string>YES</string>
				<key>CODE_SIGN_IDENTITY[sdk=iphoneos*]</key>
				<string>iPhone Developer</string>
				<key>COPY_PHASE_STRIP</key>
				<string>NO</string>
				<key>GCC_C_LANGUAGE_STANDARD</key>
				<string>gnu99</string>
				<key>GCC_DYNAMIC_NO_PIC</key>
				<string>NO</string>
				<key>GCC_OPTIMIZATION_LEVEL</key>
				<string>0</string>
				<key>GCC_PREPROCESSOR_DEFINITIONS</key>
				<array>
					<string>DEBUG=1</string>
					<string>$(inherited)</string>
				</array>
				<key>GCC_SYMBOLS_PRIVATE_EXTERN</key>
				<string>NO</string>
				<key>GCC_WARN_ABOUT_RETURN_TYPE</key>
				<string>YES</string>
				<key>GCC_WARN_UNINITIALIZED_AUTOS</key>
				<string>YES</string>
				<key>GCC_WARN_UNUSED_VARIABLE</key>
				<string>YES</string>
				<key>IPHONEOS_DEPLOYMENT_TARGET</key>
				<string>6.0</string>
				<key>ONLY_ACTIVE_ARCH</key>
				<string>YES</string>
				<key>SDKROOT</key>
				<string>iphoneos</string>
				<key>TARGETED_DEVICE_FAMILY</key>
				<string>1,2</string>
			</dict>
			<key>isa</key>
			<string>XCBuildConfiguration</string>
			<key>name</key>
			<string>Debug</string>
		</dict>
		<key>61A3AC14169038A6005D3311</key>
		<dict>
			<key>buildSettings</key>
			<dict>
				<key>ALWAYS_SEARCH_USER_PATHS</key>
				<string>NO</string>
				<key>CLANG_CXX_LANGUAGE_STANDARD</key>
				<string>gnu++0x</string>
				<key>CLANG_CXX_LIBRARY</key>
				<string>libc++</string>
				<key>CLANG_ENABLE_OBJC_ARC</key>
				<string>YES</string>
				<key>CLANG_WARN_EMPTY_BODY</key>
				<string>YES</string>
				<key>CLANG_WARN__DUPLICATE_METHOD_MATCH</key>
				<string>YES</string>
				<key>CODE_SIGN_IDENTITY[sdk=iphoneos*]</key>
				<string>iPhone Developer</string>
				<key>COPY_PHASE_STRIP</key>
				<string>YES</string>
				<key>GCC_C_LANGUAGE_STANDARD</key>
				<string>gnu99</string>
				<key>GCC_WARN_ABOUT_RETURN_TYPE</key>
				<string>YES</string>
				<key>GCC_WARN_UNINITIALIZED_AUTOS</key>
				<string>YES</string>
				<key>GCC_WARN_UNUSED_VARIABLE</key>
				<string>YES</string>
				<key>IPHONEOS_DEPLOYMENT_TARGET</key>
				<string>6.0</string>
				<key>OTHER_CFLAGS</key>
				<string>-DNS_BLOCK_ASSERTIONS=1</string>
				<key>SDKROOT</key>
				<string>iphoneos</string>
				<key>TARGETED_DEVICE_FAMILY</key>
				<string>1,2</string>
				<key>VALIDATE_PRODUCT</key>
				<string>YES</string>
			</dict>
			<key>isa</key>
			<string>XCBuildConfiguration</string>
			<key>name</key>
			<string>Release</string>
		</dict>
		<key>61A3AC15169038A6005D3311</key>
		<dict>
			<key>buildConfigurations</key>
			<array>
				<string>61A3AC16169038A6005D3311</string>
				<string>61A3AC17169038A6005D3311</string>
			</array>
			<key>defaultConfigurationIsVisible</key>
			<string>0</string>
			<key>isa</key>
			<string>XCConfigurationList</string>
		</dict>
		<key>61A3AC16169038A6005D3311</key>
		<dict>
			<key>baseConfigurationReference</key>
			<string>45E580AE28FA4DB6A717BBF3</string>
			<key>buildSettings</key>
			<dict>
				<key>GCC_PRECOMPILE_PREFIX_HEADER</key>
				<string>YES</string>
				<key>GCC_PREFIX_HEADER</key>
				<string>iosGkh/iosGkh-Prefix.pch</string>
				<key>INFOPLIST_FILE</key>
				<string>iosGkh/iosGkh-Info.plist</string>
				<key>PRODUCT_NAME</key>
				<string>$(TARGET_NAME)</string>
				<key>WRAPPER_EXTENSION</key>
				<string>app</string>
			</dict>
			<key>isa</key>
			<string>XCBuildConfiguration</string>
			<key>name</key>
			<string>Debug</string>
		</dict>
		<key>61A3AC17169038A6005D3311</key>
		<dict>
			<key>baseConfigurationReference</key>
			<string>45E580AE28FA4DB6A717BBF3</string>
			<key>buildSettings</key>
			<dict>
				<key>GCC_PRECOMPILE_PREFIX_HEADER</key>
				<string>YES</string>
				<key>GCC_PREFIX_HEADER</key>
				<string>iosGkh/iosGkh-Prefix.pch</string>
				<key>INFOPLIST_FILE</key>
				<string>iosGkh/iosGkh-Info.plist</string>
				<key>PRODUCT_NAME</key>
				<string>$(TARGET_NAME)</string>
				<key>WRAPPER_EXTENSION</key>
				<string>app</string>
			</dict>
			<key>isa</key>
			<string>XCBuildConfiguration</string>
			<key>name</key>
			<string>Release</string>
		</dict>
		<key>61A3AC18169038A6005D3311</key>
		<dict>
			<key>buildConfigurations</key>
			<array>
				<string>61A3AC19169038A6005D3311</string>
				<string>61A3AC1A169038A6005D3311</string>
			</array>
			<key>defaultConfigurationIsVisible</key>
			<string>0</string>
			<key>isa</key>
			<string>XCConfigurationList</string>
		</dict>
		<key>61A3AC19169038A6005D3311</key>
		<dict>
			<key>buildSettings</key>
			<dict>
				<key>BUNDLE_LOADER</key>
				<string>$(BUILT_PRODUCTS_DIR)/iosGkh.app/iosGkh</string>
				<key>FRAMEWORK_SEARCH_PATHS</key>
				<array>
					<string>"$(SDKROOT)/Developer/Library/Frameworks"</string>
					<string>"$(DEVELOPER_LIBRARY_DIR)/Frameworks"</string>
				</array>
				<key>GCC_PRECOMPILE_PREFIX_HEADER</key>
				<string>YES</string>
				<key>GCC_PREFIX_HEADER</key>
				<string>iosGkh/iosGkh-Prefix.pch</string>
				<key>INFOPLIST_FILE</key>
				<string>iosGkhTests/iosGkhTests-Info.plist</string>
				<key>PRODUCT_NAME</key>
				<string>$(TARGET_NAME)</string>
				<key>TEST_HOST</key>
				<string>$(BUNDLE_LOADER)</string>
				<key>WRAPPER_EXTENSION</key>
				<string>octest</string>
			</dict>
			<key>isa</key>
			<string>XCBuildConfiguration</string>
			<key>name</key>
			<string>Debug</string>
		</dict>
		<key>61A3AC1A169038A6005D3311</key>
		<dict>
			<key>buildSettings</key>
			<dict>
				<key>BUNDLE_LOADER</key>
				<string>$(BUILT_PRODUCTS_DIR)/iosGkh.app/iosGkh</string>
				<key>FRAMEWORK_SEARCH_PATHS</key>
				<array>
					<string>"$(SDKROOT)/Developer/Library/Frameworks"</string>
					<string>"$(DEVELOPER_LIBRARY_DIR)/Frameworks"</string>
				</array>
				<key>GCC_PRECOMPILE_PREFIX_HEADER</key>
				<string>YES</string>
				<key>GCC_PREFIX_HEADER</key>
				<string>iosGkh/iosGkh-Prefix.pch</string>
				<key>INFOPLIST_FILE</key>
				<string>iosGkhTests/iosGkhTests-Info.plist</string>
				<key>PRODUCT_NAME</key>
				<string>$(TARGET_NAME)</string>
				<key>TEST_HOST</key>
				<string>$(BUNDLE_LOADER)</string>
				<key>WRAPPER_EXTENSION</key>
				<string>octest</string>
			</dict>
			<key>isa</key>
			<string>XCBuildConfiguration</string>
			<key>name</key>
			<string>Release</string>
		</dict>
		<key>7716AF1534D04DE2AFEC9746</key>
		<dict>
			<key>explicitFileType</key>
			<string>archive.ar</string>
			<key>includeInIndex</key>
			<string>0</string>
			<key>isa</key>
			<string>PBXFileReference</string>
			<key>name</key>
			<string>libPods.a</string>
			<key>path</key>
			<string>libPods.a</string>
			<key>sourceTree</key>
			<string>BUILT_PRODUCTS_DIR</string>
		</dict>
		<key>BE864F8D10754A6D99282656</key>
		<dict>
			<key>buildActionMask</key>
			<string>2147483647</string>
			<key>files</key>
			<array/>
			<key>inputPaths</key>
			<array/>
			<key>isa</key>
			<string>PBXShellScriptBuildPhase</string>
			<key>name</key>
			<string>Copy Pods Resources</string>
			<key>outputPaths</key>
			<array/>
			<key>runOnlyForDeploymentPostprocessing</key>
			<string>0</string>
			<key>shellPath</key>
			<string>/bin/sh</string>
			<key>shellScript</key>
			<string>"${SRCROOT}/Pods/Pods-resources.sh"
</string>
			<key>showEnvVarsInLog</key>
			<string>1</string>
		</dict>
		<key>D83773B297B749B6AFE8FF1C</key>
		<dict>
			<key>fileRef</key>
			<string>7716AF1534D04DE2AFEC9746</string>
			<key>isa</key>
			<string>PBXBuildFile</string>
			<key>settings</key>
			<dict/>
		</dict>
	</dict>
	<key>rootObject</key>
	<string>61A3ABD0169038A5005D3311</string>
</dict>
</plist>
